// !$*UTF8*$!
{
	archiveVersion = 1;
	classes = {
	};
	objectVersion = 56;
	objects = {

/* Begin PBXBuildFile section */
		076B9FB928F2C7D8008AA594 /* AQIndexView.swift in Sources */ = {isa = PBXBuildFile; fileRef = 076B9FB828F2C7D8008AA594 /* AQIndexView.swift */; };
		07BA302928F1A16900BA7D59 /* AirQualityApp.swift in Sources */ = {isa = PBXBuildFile; fileRef = 07BA302828F1A16900BA7D59 /* AirQualityApp.swift */; };
		07BA302B28F1A16900BA7D59 /* ContentView.swift in Sources */ = {isa = PBXBuildFile; fileRef = 07BA302A28F1A16900BA7D59 /* ContentView.swift */; };
		07BA302D28F1A16A00BA7D59 /* Assets.xcassets in Resources */ = {isa = PBXBuildFile; fileRef = 07BA302C28F1A16A00BA7D59 /* Assets.xcassets */; };
		07BA303028F1A16A00BA7D59 /* Preview Assets.xcassets in Resources */ = {isa = PBXBuildFile; fileRef = 07BA302F28F1A16A00BA7D59 /* Preview Assets.xcassets */; };
		07BA303A28F1A16B00BA7D59 /* AirQualityTests.swift in Sources */ = {isa = PBXBuildFile; fileRef = 07BA303928F1A16B00BA7D59 /* AirQualityTests.swift */; };
		07BA304428F1A16B00BA7D59 /* AirQualityUITests.swift in Sources */ = {isa = PBXBuildFile; fileRef = 07BA304328F1A16B00BA7D59 /* AirQualityUITests.swift */; };
		07BA304628F1A16B00BA7D59 /* AirQualityUITestsLaunchTests.swift in Sources */ = {isa = PBXBuildFile; fileRef = 07BA304528F1A16B00BA7D59 /* AirQualityUITestsLaunchTests.swift */; };
		07BA305828F1A2B400BA7D59 /* DataCell.swift in Sources */ = {isa = PBXBuildFile; fileRef = 07BA305728F1A2B400BA7D59 /* DataCell.swift */; };
		07BA305A28F1A36B00BA7D59 /* IndexBadge.swift in Sources */ = {isa = PBXBuildFile; fileRef = 07BA305928F1A36B00BA7D59 /* IndexBadge.swift */; };
		07BA305C28F1A47500BA7D59 /* cities.json in Resources */ = {isa = PBXBuildFile; fileRef = 07BA305B28F1A47500BA7D59 /* cities.json */; };
		07BA305E28F1A4C600BA7D59 /* Extensions.swift in Sources */ = {isa = PBXBuildFile; fileRef = 07BA305D28F1A4C600BA7D59 /* Extensions.swift */; };
		07BA306028F1A51D00BA7D59 /* ModelData.swift in Sources */ = {isa = PBXBuildFile; fileRef = 07BA305F28F1A51D00BA7D59 /* ModelData.swift */; };
		07BA306428F1A5EB00BA7D59 /* airQualityData.json in Resources */ = {isa = PBXBuildFile; fileRef = 07BA306328F1A5EB00BA7D59 /* airQualityData.json */; };
		07BA306628F1A62F00BA7D59 /* CityManager.swift in Sources */ = {isa = PBXBuildFile; fileRef = 07BA306528F1A62F00BA7D59 /* CityManager.swift */; };
		07BA306828F1A66200BA7D59 /* LocationManager.swift in Sources */ = {isa = PBXBuildFile; fileRef = 07BA306728F1A66200BA7D59 /* LocationManager.swift */; };
		07BA306A28F1A6A700BA7D59 /* AirQualityManager.swift in Sources */ = {isa = PBXBuildFile; fileRef = 07BA306928F1A6A700BA7D59 /* AirQualityManager.swift */; };
		07BA306C28F1B09900BA7D59 /* WelcomeView.swift in Sources */ = {isa = PBXBuildFile; fileRef = 07BA306B28F1B09900BA7D59 /* WelcomeView.swift */; };
		07BA306E28F1B0E500BA7D59 /* LoadingView.swift in Sources */ = {isa = PBXBuildFile; fileRef = 07BA306D28F1B0E500BA7D59 /* LoadingView.swift */; };
		07BA307028F1B1D200BA7D59 /* AirQualityView.swift in Sources */ = {isa = PBXBuildFile; fileRef = 07BA306F28F1B1D200BA7D59 /* AirQualityView.swift */; };
/* End PBXBuildFile section */

/* Begin PBXContainerItemProxy section */
		07BA303628F1A16B00BA7D59 /* PBXContainerItemProxy */ = {
			isa = PBXContainerItemProxy;
			containerPortal = 07BA301D28F1A16900BA7D59 /* Project object */;
			proxyType = 1;
			remoteGlobalIDString = 07BA302428F1A16900BA7D59;
			remoteInfo = AirQuality;
		};
		07BA304028F1A16B00BA7D59 /* PBXContainerItemProxy */ = {
			isa = PBXContainerItemProxy;
			containerPortal = 07BA301D28F1A16900BA7D59 /* Project object */;
			proxyType = 1;
			remoteGlobalIDString = 07BA302428F1A16900BA7D59;
			remoteInfo = AirQuality;
		};
/* End PBXContainerItemProxy section */

/* Begin PBXFileReference section */
		076B9FB528F2A108008AA594 /* Info.plist */ = {isa = PBXFileReference; lastKnownFileType = text.plist.xml; path = Info.plist; sourceTree = "<group>"; };
		076B9FB828F2C7D8008AA594 /* AQIndexView.swift */ = {isa = PBXFileReference; lastKnownFileType = sourcecode.swift; path = AQIndexView.swift; sourceTree = "<group>"; };
		07BA302528F1A16900BA7D59 /* AirQuality.app */ = {isa = PBXFileReference; explicitFileType = wrapper.application; includeInIndex = 0; path = AirQuality.app; sourceTree = BUILT_PRODUCTS_DIR; };
		07BA302828F1A16900BA7D59 /* AirQualityApp.swift */ = {isa = PBXFileReference; lastKnownFileType = sourcecode.swift; path = AirQualityApp.swift; sourceTree = "<group>"; };
		07BA302A28F1A16900BA7D59 /* ContentView.swift */ = {isa = PBXFileReference; lastKnownFileType = sourcecode.swift; path = ContentView.swift; sourceTree = "<group>"; };
		07BA302C28F1A16A00BA7D59 /* Assets.xcassets */ = {isa = PBXFileReference; lastKnownFileType = folder.assetcatalog; path = Assets.xcassets; sourceTree = "<group>"; };
		07BA302F28F1A16A00BA7D59 /* Preview Assets.xcassets */ = {isa = PBXFileReference; lastKnownFileType = folder.assetcatalog; path = "Preview Assets.xcassets"; sourceTree = "<group>"; };
		07BA303528F1A16B00BA7D59 /* AirQualityTests.xctest */ = {isa = PBXFileReference; explicitFileType = wrapper.cfbundle; includeInIndex = 0; path = AirQualityTests.xctest; sourceTree = BUILT_PRODUCTS_DIR; };
		07BA303928F1A16B00BA7D59 /* AirQualityTests.swift */ = {isa = PBXFileReference; lastKnownFileType = sourcecode.swift; path = AirQualityTests.swift; sourceTree = "<group>"; };
		07BA303F28F1A16B00BA7D59 /* AirQualityUITests.xctest */ = {isa = PBXFileReference; explicitFileType = wrapper.cfbundle; includeInIndex = 0; path = AirQualityUITests.xctest; sourceTree = BUILT_PRODUCTS_DIR; };
		07BA304328F1A16B00BA7D59 /* AirQualityUITests.swift */ = {isa = PBXFileReference; lastKnownFileType = sourcecode.swift; path = AirQualityUITests.swift; sourceTree = "<group>"; };
		07BA304528F1A16B00BA7D59 /* AirQualityUITestsLaunchTests.swift */ = {isa = PBXFileReference; lastKnownFileType = sourcecode.swift; path = AirQualityUITestsLaunchTests.swift; sourceTree = "<group>"; };
		07BA305728F1A2B400BA7D59 /* DataCell.swift */ = {isa = PBXFileReference; lastKnownFileType = sourcecode.swift; path = DataCell.swift; sourceTree = "<group>"; };
		07BA305928F1A36B00BA7D59 /* IndexBadge.swift */ = {isa = PBXFileReference; lastKnownFileType = sourcecode.swift; path = IndexBadge.swift; sourceTree = "<group>"; };
		07BA305B28F1A47500BA7D59 /* cities.json */ = {isa = PBXFileReference; lastKnownFileType = text.json; path = cities.json; sourceTree = "<group>"; };
		07BA305D28F1A4C600BA7D59 /* Extensions.swift */ = {isa = PBXFileReference; lastKnownFileType = sourcecode.swift; path = Extensions.swift; sourceTree = "<group>"; };
		07BA305F28F1A51D00BA7D59 /* ModelData.swift */ = {isa = PBXFileReference; lastKnownFileType = sourcecode.swift; path = ModelData.swift; sourceTree = "<group>"; };
		07BA306328F1A5EB00BA7D59 /* airQualityData.json */ = {isa = PBXFileReference; lastKnownFileType = text.json; path = airQualityData.json; sourceTree = "<group>"; };
		07BA306528F1A62F00BA7D59 /* CityManager.swift */ = {isa = PBXFileReference; lastKnownFileType = sourcecode.swift; path = CityManager.swift; sourceTree = "<group>"; };
		07BA306728F1A66200BA7D59 /* LocationManager.swift */ = {isa = PBXFileReference; lastKnownFileType = sourcecode.swift; path = LocationManager.swift; sourceTree = "<group>"; };
		07BA306928F1A6A700BA7D59 /* AirQualityManager.swift */ = {isa = PBXFileReference; lastKnownFileType = sourcecode.swift; path = AirQualityManager.swift; sourceTree = "<group>"; };
		07BA306B28F1B09900BA7D59 /* WelcomeView.swift */ = {isa = PBXFileReference; lastKnownFileType = sourcecode.swift; path = WelcomeView.swift; sourceTree = "<group>"; };
		07BA306D28F1B0E500BA7D59 /* LoadingView.swift */ = {isa = PBXFileReference; lastKnownFileType = sourcecode.swift; path = LoadingView.swift; sourceTree = "<group>"; };
		07BA306F28F1B1D200BA7D59 /* AirQualityView.swift */ = {isa = PBXFileReference; lastKnownFileType = sourcecode.swift; path = AirQualityView.swift; sourceTree = "<group>"; };
/* End PBXFileReference section */

/* Begin PBXFrameworksBuildPhase section */
		07BA302228F1A16900BA7D59 /* Frameworks */ = {
			isa = PBXFrameworksBuildPhase;
			buildActionMask = 2147483647;
			files = (
			);
			runOnlyForDeploymentPostprocessing = 0;
		};
		07BA303228F1A16B00BA7D59 /* Frameworks */ = {
			isa = PBXFrameworksBuildPhase;
			buildActionMask = 2147483647;
			files = (
			);
			runOnlyForDeploymentPostprocessing = 0;
		};
		07BA303C28F1A16B00BA7D59 /* Frameworks */ = {
			isa = PBXFrameworksBuildPhase;
			buildActionMask = 2147483647;
			files = (
			);
			runOnlyForDeploymentPostprocessing = 0;
		};
/* End PBXFrameworksBuildPhase section */

/* Begin PBXGroup section */
		07BA301C28F1A16900BA7D59 = {
			isa = PBXGroup;
			children = (
				07BA302728F1A16900BA7D59 /* AirQuality */,
				07BA303828F1A16B00BA7D59 /* AirQualityTests */,
				07BA304228F1A16B00BA7D59 /* AirQualityUITests */,
				07BA302628F1A16900BA7D59 /* Products */,
			);
			sourceTree = "<group>";
		};
		07BA302628F1A16900BA7D59 /* Products */ = {
			isa = PBXGroup;
			children = (
				07BA302528F1A16900BA7D59 /* AirQuality.app */,
				07BA303528F1A16B00BA7D59 /* AirQualityTests.xctest */,
				07BA303F28F1A16B00BA7D59 /* AirQualityUITests.xctest */,
			);
			name = Products;
			sourceTree = "<group>";
		};
		07BA302728F1A16900BA7D59 /* AirQuality */ = {
			isa = PBXGroup;
			children = (
				07BA305228F1A1B200BA7D59 /* Components */,
				07BA305328F1A1BD00BA7D59 /* Views */,
				07BA305428F1A1C500BA7D59 /* Managers */,
				07BA302828F1A16900BA7D59 /* AirQualityApp.swift */,
				07BA302C28F1A16A00BA7D59 /* Assets.xcassets */,
				07BA302E28F1A16A00BA7D59 /* Preview Content */,
				07BA305B28F1A47500BA7D59 /* cities.json */,
				07BA305D28F1A4C600BA7D59 /* Extensions.swift */,
				07BA305F28F1A51D00BA7D59 /* ModelData.swift */,
				076B9FB528F2A108008AA594 /* Info.plist */,
			);
			path = AirQuality;
			sourceTree = "<group>";
		};
		07BA302E28F1A16A00BA7D59 /* Preview Content */ = {
			isa = PBXGroup;
			children = (
				07BA302F28F1A16A00BA7D59 /* Preview Assets.xcassets */,
				07BA306328F1A5EB00BA7D59 /* airQualityData.json */,
			);
			path = "Preview Content";
			sourceTree = "<group>";
		};
		07BA303828F1A16B00BA7D59 /* AirQualityTests */ = {
			isa = PBXGroup;
			children = (
				07BA303928F1A16B00BA7D59 /* AirQualityTests.swift */,
			);
			path = AirQualityTests;
			sourceTree = "<group>";
		};
		07BA304228F1A16B00BA7D59 /* AirQualityUITests */ = {
			isa = PBXGroup;
			children = (
				07BA304328F1A16B00BA7D59 /* AirQualityUITests.swift */,
				07BA304528F1A16B00BA7D59 /* AirQualityUITestsLaunchTests.swift */,
			);
			path = AirQualityUITests;
			sourceTree = "<group>";
		};
		07BA305228F1A1B200BA7D59 /* Components */ = {
			isa = PBXGroup;
			children = (
				07BA305728F1A2B400BA7D59 /* DataCell.swift */,
				07BA305928F1A36B00BA7D59 /* IndexBadge.swift */,
				076B9FB828F2C7D8008AA594 /* AQIndexView.swift */,
			);
			path = Components;
			sourceTree = "<group>";
		};
		07BA305328F1A1BD00BA7D59 /* Views */ = {
			isa = PBXGroup;
			children = (
				07BA302A28F1A16900BA7D59 /* ContentView.swift */,
				07BA306B28F1B09900BA7D59 /* WelcomeView.swift */,
				07BA306D28F1B0E500BA7D59 /* LoadingView.swift */,
				07BA306F28F1B1D200BA7D59 /* AirQualityView.swift */,
			);
			path = Views;
			sourceTree = "<group>";
		};
		07BA305428F1A1C500BA7D59 /* Managers */ = {
			isa = PBXGroup;
			children = (
				07BA306528F1A62F00BA7D59 /* CityManager.swift */,
				07BA306728F1A66200BA7D59 /* LocationManager.swift */,
				07BA306928F1A6A700BA7D59 /* AirQualityManager.swift */,
			);
			path = Managers;
			sourceTree = "<group>";
		};
/* End PBXGroup section */

/* Begin PBXNativeTarget section */
		07BA302428F1A16900BA7D59 /* AirQuality */ = {
			isa = PBXNativeTarget;
			buildConfigurationList = 07BA304928F1A16B00BA7D59 /* Build configuration list for PBXNativeTarget "AirQuality" */;
			buildPhases = (
				07BA302128F1A16900BA7D59 /* Sources */,
				07BA302228F1A16900BA7D59 /* Frameworks */,
				07BA302328F1A16900BA7D59 /* Resources */,
			);
			buildRules = (
			);
			dependencies = (
			);
			name = AirQuality;
			productName = AirQuality;
			productReference = 07BA302528F1A16900BA7D59 /* AirQuality.app */;
			productType = "com.apple.product-type.application";
		};
		07BA303428F1A16B00BA7D59 /* AirQualityTests */ = {
			isa = PBXNativeTarget;
			buildConfigurationList = 07BA304C28F1A16B00BA7D59 /* Build configuration list for PBXNativeTarget "AirQualityTests" */;
			buildPhases = (
				07BA303128F1A16B00BA7D59 /* Sources */,
				07BA303228F1A16B00BA7D59 /* Frameworks */,
				07BA303328F1A16B00BA7D59 /* Resources */,
			);
			buildRules = (
			);
			dependencies = (
				07BA303728F1A16B00BA7D59 /* PBXTargetDependency */,
			);
			name = AirQualityTests;
			productName = AirQualityTests;
			productReference = 07BA303528F1A16B00BA7D59 /* AirQualityTests.xctest */;
			productType = "com.apple.product-type.bundle.unit-test";
		};
		07BA303E28F1A16B00BA7D59 /* AirQualityUITests */ = {
			isa = PBXNativeTarget;
			buildConfigurationList = 07BA304F28F1A16B00BA7D59 /* Build configuration list for PBXNativeTarget "AirQualityUITests" */;
			buildPhases = (
				07BA303B28F1A16B00BA7D59 /* Sources */,
				07BA303C28F1A16B00BA7D59 /* Frameworks */,
				07BA303D28F1A16B00BA7D59 /* Resources */,
			);
			buildRules = (
			);
			dependencies = (
				07BA304128F1A16B00BA7D59 /* PBXTargetDependency */,
			);
			name = AirQualityUITests;
			productName = AirQualityUITests;
			productReference = 07BA303F28F1A16B00BA7D59 /* AirQualityUITests.xctest */;
			productType = "com.apple.product-type.bundle.ui-testing";
		};
/* End PBXNativeTarget section */

/* Begin PBXProject section */
		07BA301D28F1A16900BA7D59 /* Project object */ = {
			isa = PBXProject;
			attributes = {
				BuildIndependentTargetsInParallel = 1;
				LastSwiftUpdateCheck = 1400;
				LastUpgradeCheck = 1400;
				TargetAttributes = {
					07BA302428F1A16900BA7D59 = {
						CreatedOnToolsVersion = 14.0.1;
					};
					07BA303428F1A16B00BA7D59 = {
						CreatedOnToolsVersion = 14.0.1;
						TestTargetID = 07BA302428F1A16900BA7D59;
					};
					07BA303E28F1A16B00BA7D59 = {
						CreatedOnToolsVersion = 14.0.1;
						TestTargetID = 07BA302428F1A16900BA7D59;
					};
				};
			};
			buildConfigurationList = 07BA302028F1A16900BA7D59 /* Build configuration list for PBXProject "AirQuality" */;
			compatibilityVersion = "Xcode 14.0";
			developmentRegion = en;
			hasScannedForEncodings = 0;
			knownRegions = (
				en,
				Base,
			);
			mainGroup = 07BA301C28F1A16900BA7D59;
			productRefGroup = 07BA302628F1A16900BA7D59 /* Products */;
			projectDirPath = "";
			projectRoot = "";
			targets = (
				07BA302428F1A16900BA7D59 /* AirQuality */,
				07BA303428F1A16B00BA7D59 /* AirQualityTests */,
				07BA303E28F1A16B00BA7D59 /* AirQualityUITests */,
			);
		};
/* End PBXProject section */

/* Begin PBXResourcesBuildPhase section */
		07BA302328F1A16900BA7D59 /* Resources */ = {
			isa = PBXResourcesBuildPhase;
			buildActionMask = 2147483647;
			files = (
				07BA305C28F1A47500BA7D59 /* cities.json in Resources */,
				07BA303028F1A16A00BA7D59 /* Preview Assets.xcassets in Resources */,
				07BA306428F1A5EB00BA7D59 /* airQualityData.json in Resources */,
				07BA302D28F1A16A00BA7D59 /* Assets.xcassets in Resources */,
			);
			runOnlyForDeploymentPostprocessing = 0;
		};
		07BA303328F1A16B00BA7D59 /* Resources */ = {
			isa = PBXResourcesBuildPhase;
			buildActionMask = 2147483647;
			files = (
			);
			runOnlyForDeploymentPostprocessing = 0;
		};
		07BA303D28F1A16B00BA7D59 /* Resources */ = {
			isa = PBXResourcesBuildPhase;
			buildActionMask = 2147483647;
			files = (
			);
			runOnlyForDeploymentPostprocessing = 0;
		};
/* End PBXResourcesBuildPhase section */

/* Begin PBXSourcesBuildPhase section */
		07BA302128F1A16900BA7D59 /* Sources */ = {
			isa = PBXSourcesBuildPhase;
			buildActionMask = 2147483647;
			files = (
				076B9FB928F2C7D8008AA594 /* AQIndexView.swift in Sources */,
				07BA306A28F1A6A700BA7D59 /* AirQualityManager.swift in Sources */,
				07BA305E28F1A4C600BA7D59 /* Extensions.swift in Sources */,
				07BA306628F1A62F00BA7D59 /* CityManager.swift in Sources */,
				07BA307028F1B1D200BA7D59 /* AirQualityView.swift in Sources */,
				07BA306E28F1B0E500BA7D59 /* LoadingView.swift in Sources */,
				07BA302B28F1A16900BA7D59 /* ContentView.swift in Sources */,
				07BA305828F1A2B400BA7D59 /* DataCell.swift in Sources */,
				07BA306C28F1B09900BA7D59 /* WelcomeView.swift in Sources */,
				07BA306828F1A66200BA7D59 /* LocationManager.swift in Sources */,
				07BA305A28F1A36B00BA7D59 /* IndexBadge.swift in Sources */,
				07BA302928F1A16900BA7D59 /* AirQualityApp.swift in Sources */,
				07BA306028F1A51D00BA7D59 /* ModelData.swift in Sources */,
			);
			runOnlyForDeploymentPostprocessing = 0;
		};
		07BA303128F1A16B00BA7D59 /* Sources */ = {
			isa = PBXSourcesBuildPhase;
			buildActionMask = 2147483647;
			files = (
				07BA303A28F1A16B00BA7D59 /* AirQualityTests.swift in Sources */,
			);
			runOnlyForDeploymentPostprocessing = 0;
		};
		07BA303B28F1A16B00BA7D59 /* Sources */ = {
			isa = PBXSourcesBuildPhase;
			buildActionMask = 2147483647;
			files = (
				07BA304428F1A16B00BA7D59 /* AirQualityUITests.swift in Sources */,
				07BA304628F1A16B00BA7D59 /* AirQualityUITestsLaunchTests.swift in Sources */,
			);
			runOnlyForDeploymentPostprocessing = 0;
		};
/* End PBXSourcesBuildPhase section */

/* Begin PBXTargetDependency section */
		07BA303728F1A16B00BA7D59 /* PBXTargetDependency */ = {
			isa = PBXTargetDependency;
			target = 07BA302428F1A16900BA7D59 /* AirQuality */;
			targetProxy = 07BA303628F1A16B00BA7D59 /* PBXContainerItemProxy */;
		};
		07BA304128F1A16B00BA7D59 /* PBXTargetDependency */ = {
			isa = PBXTargetDependency;
			target = 07BA302428F1A16900BA7D59 /* AirQuality */;
			targetProxy = 07BA304028F1A16B00BA7D59 /* PBXContainerItemProxy */;
		};
/* End PBXTargetDependency section */

/* Begin XCBuildConfiguration section */
		07BA304728F1A16B00BA7D59 /* Debug */ = {
			isa = XCBuildConfiguration;
			buildSettings = {
				ALWAYS_SEARCH_USER_PATHS = NO;
				CLANG_ANALYZER_NONNULL = YES;
				CLANG_ANALYZER_NUMBER_OBJECT_CONVERSION = YES_AGGRESSIVE;
				CLANG_CXX_LANGUAGE_STANDARD = "gnu++20";
				CLANG_ENABLE_MODULES = YES;
				CLANG_ENABLE_OBJC_ARC = YES;
				CLANG_ENABLE_OBJC_WEAK = YES;
				CLANG_WARN_BLOCK_CAPTURE_AUTORELEASING = YES;
				CLANG_WARN_BOOL_CONVERSION = YES;
				CLANG_WARN_COMMA = YES;
				CLANG_WARN_CONSTANT_CONVERSION = YES;
				CLANG_WARN_DEPRECATED_OBJC_IMPLEMENTATIONS = YES;
				CLANG_WARN_DIRECT_OBJC_ISA_USAGE = YES_ERROR;
				CLANG_WARN_DOCUMENTATION_COMMENTS = YES;
				CLANG_WARN_EMPTY_BODY = YES;
				CLANG_WARN_ENUM_CONVERSION = YES;
				CLANG_WARN_INFINITE_RECURSION = YES;
				CLANG_WARN_INT_CONVERSION = YES;
				CLANG_WARN_NON_LITERAL_NULL_CONVERSION = YES;
				CLANG_WARN_OBJC_IMPLICIT_RETAIN_SELF = YES;
				CLANG_WARN_OBJC_LITERAL_CONVERSION = YES;
				CLANG_WARN_OBJC_ROOT_CLASS = YES_ERROR;
				CLANG_WARN_QUOTED_INCLUDE_IN_FRAMEWORK_HEADER = YES;
				CLANG_WARN_RANGE_LOOP_ANALYSIS = YES;
				CLANG_WARN_STRICT_PROTOTYPES = YES;
				CLANG_WARN_SUSPICIOUS_MOVE = YES;
				CLANG_WARN_UNGUARDED_AVAILABILITY = YES_AGGRESSIVE;
				CLANG_WARN_UNREACHABLE_CODE = YES;
				CLANG_WARN__DUPLICATE_METHOD_MATCH = YES;
				COPY_PHASE_STRIP = NO;
				DEBUG_INFORMATION_FORMAT = dwarf;
				ENABLE_STRICT_OBJC_MSGSEND = YES;
				ENABLE_TESTABILITY = YES;
				GCC_C_LANGUAGE_STANDARD = gnu11;
				GCC_DYNAMIC_NO_PIC = NO;
				GCC_NO_COMMON_BLOCKS = YES;
				GCC_OPTIMIZATION_LEVEL = 0;
				GCC_PREPROCESSOR_DEFINITIONS = (
					"DEBUG=1",
					"$(inherited)",
				);
				GCC_WARN_64_TO_32_BIT_CONVERSION = YES;
				GCC_WARN_ABOUT_RETURN_TYPE = YES_ERROR;
				GCC_WARN_UNDECLARED_SELECTOR = YES;
				GCC_WARN_UNINITIALIZED_AUTOS = YES_AGGRESSIVE;
				GCC_WARN_UNUSED_FUNCTION = YES;
				GCC_WARN_UNUSED_VARIABLE = YES;
				IPHONEOS_DEPLOYMENT_TARGET = 16.0;
				MTL_ENABLE_DEBUG_INFO = INCLUDE_SOURCE;
				MTL_FAST_MATH = YES;
				ONLY_ACTIVE_ARCH = YES;
				SDKROOT = iphoneos;
				SWIFT_ACTIVE_COMPILATION_CONDITIONS = DEBUG;
				SWIFT_OPTIMIZATION_LEVEL = "-Onone";
			};
			name = Debug;
		};
		07BA304828F1A16B00BA7D59 /* Release */ = {
			isa = XCBuildConfiguration;
			buildSettings = {
				ALWAYS_SEARCH_USER_PATHS = NO;
				CLANG_ANALYZER_NONNULL = YES;
				CLANG_ANALYZER_NUMBER_OBJECT_CONVERSION = YES_AGGRESSIVE;
				CLANG_CXX_LANGUAGE_STANDARD = "gnu++20";
				CLANG_ENABLE_MODULES = YES;
				CLANG_ENABLE_OBJC_ARC = YES;
				CLANG_ENABLE_OBJC_WEAK = YES;
				CLANG_WARN_BLOCK_CAPTURE_AUTORELEASING = YES;
				CLANG_WARN_BOOL_CONVERSION = YES;
				CLANG_WARN_COMMA = YES;
				CLANG_WARN_CONSTANT_CONVERSION = YES;
				CLANG_WARN_DEPRECATED_OBJC_IMPLEMENTATIONS = YES;
				CLANG_WARN_DIRECT_OBJC_ISA_USAGE = YES_ERROR;
				CLANG_WARN_DOCUMENTATION_COMMENTS = YES;
				CLANG_WARN_EMPTY_BODY = YES;
				CLANG_WARN_ENUM_CONVERSION = YES;
				CLANG_WARN_INFINITE_RECURSION = YES;
				CLANG_WARN_INT_CONVERSION = YES;
				CLANG_WARN_NON_LITERAL_NULL_CONVERSION = YES;
				CLANG_WARN_OBJC_IMPLICIT_RETAIN_SELF = YES;
				CLANG_WARN_OBJC_LITERAL_CONVERSION = YES;
				CLANG_WARN_OBJC_ROOT_CLASS = YES_ERROR;
				CLANG_WARN_QUOTED_INCLUDE_IN_FRAMEWORK_HEADER = YES;
				CLANG_WARN_RANGE_LOOP_ANALYSIS = YES;
				CLANG_WARN_STRICT_PROTOTYPES = YES;
				CLANG_WARN_SUSPICIOUS_MOVE = YES;
				CLANG_WARN_UNGUARDED_AVAILABILITY = YES_AGGRESSIVE;
				CLANG_WARN_UNREACHABLE_CODE = YES;
				CLANG_WARN__DUPLICATE_METHOD_MATCH = YES;
				COPY_PHASE_STRIP = NO;
				DEBUG_INFORMATION_FORMAT = "dwarf-with-dsym";
				ENABLE_NS_ASSERTIONS = NO;
				ENABLE_STRICT_OBJC_MSGSEND = YES;
				GCC_C_LANGUAGE_STANDARD = gnu11;
				GCC_NO_COMMON_BLOCKS = YES;
				GCC_WARN_64_TO_32_BIT_CONVERSION = YES;
				GCC_WARN_ABOUT_RETURN_TYPE = YES_ERROR;
				GCC_WARN_UNDECLARED_SELECTOR = YES;
				GCC_WARN_UNINITIALIZED_AUTOS = YES_AGGRESSIVE;
				GCC_WARN_UNUSED_FUNCTION = YES;
				GCC_WARN_UNUSED_VARIABLE = YES;
				IPHONEOS_DEPLOYMENT_TARGET = 16.0;
				MTL_ENABLE_DEBUG_INFO = NO;
				MTL_FAST_MATH = YES;
				SDKROOT = iphoneos;
				SWIFT_COMPILATION_MODE = wholemodule;
				SWIFT_OPTIMIZATION_LEVEL = "-O";
				VALIDATE_PRODUCT = YES;
			};
			name = Release;
		};
		07BA304A28F1A16B00BA7D59 /* Debug */ = {
			isa = XCBuildConfiguration;
			buildSettings = {
				ASSETCATALOG_COMPILER_APPICON_NAME = AppIcon;
				ASSETCATALOG_COMPILER_GLOBAL_ACCENT_COLOR_NAME = AccentColor;
				CODE_SIGN_STYLE = Automatic;
				CURRENT_PROJECT_VERSION = 1;
				DEVELOPMENT_ASSET_PATHS = "\"AirQuality/Preview Content\"";
				ENABLE_PREVIEWS = YES;
				GENERATE_INFOPLIST_FILE = YES;
				INFOPLIST_FILE = AirQuality/Info.plist;
				INFOPLIST_KEY_CFBundleDisplayName = "Air Quality";
				INFOPLIST_KEY_LSApplicationCategoryType = "public.app-category.weather";
				INFOPLIST_KEY_UIApplicationSceneManifest_Generation = YES;
				INFOPLIST_KEY_UIApplicationSupportsIndirectInputEvents = YES;
				INFOPLIST_KEY_UILaunchScreen_Generation = YES;
				INFOPLIST_KEY_UISupportedInterfaceOrientations_iPad = "UIInterfaceOrientationPortrait UIInterfaceOrientationPortraitUpsideDown UIInterfaceOrientationLandscapeLeft UIInterfaceOrientationLandscapeRight";
				INFOPLIST_KEY_UISupportedInterfaceOrientations_iPhone = "UIInterfaceOrientationPortrait UIInterfaceOrientationLandscapeLeft UIInterfaceOrientationLandscapeRight";
				LD_RUNPATH_SEARCH_PATHS = (
					"$(inherited)",
					"@executable_path/Frameworks",
				);
				MARKETING_VERSION = 1.0;
				PRODUCT_BUNDLE_IDENTIFIER = com.uros.AirQuality;
				PRODUCT_NAME = "$(TARGET_NAME)";
				SWIFT_EMIT_LOC_STRINGS = YES;
				SWIFT_VERSION = 5.0;
				TARGETED_DEVICE_FAMILY = "1,2";
			};
			name = Debug;
		};
		07BA304B28F1A16B00BA7D59 /* Release */ = {
			isa = XCBuildConfiguration;
			buildSettings = {
				ASSETCATALOG_COMPILER_APPICON_NAME = AppIcon;
				ASSETCATALOG_COMPILER_GLOBAL_ACCENT_COLOR_NAME = AccentColor;
				CODE_SIGN_STYLE = Automatic;
				CURRENT_PROJECT_VERSION = 1;
				DEVELOPMENT_ASSET_PATHS = "\"AirQuality/Preview Content\"";
				ENABLE_PREVIEWS = YES;
				GENERATE_INFOPLIST_FILE = YES;
				INFOPLIST_FILE = AirQuality/Info.plist;
				INFOPLIST_KEY_CFBundleDisplayName = "Air Quality";
				INFOPLIST_KEY_LSApplicationCategoryType = "public.app-category.weather";
				INFOPLIST_KEY_UIApplicationSceneManifest_Generation = YES;
				INFOPLIST_KEY_UIApplicationSupportsIndirectInputEvents = YES;
				INFOPLIST_KEY_UILaunchScreen_Generation = YES;
				INFOPLIST_KEY_UISupportedInterfaceOrientations_iPad = "UIInterfaceOrientationPortrait UIInterfaceOrientationPortraitUpsideDown UIInterfaceOrientationLandscapeLeft UIInterfaceOrientationLandscapeRight";
				INFOPLIST_KEY_UISupportedInterfaceOrientations_iPhone = "UIInterfaceOrientationPortrait UIInterfaceOrientationLandscapeLeft UIInterfaceOrientationLandscapeRight";
				LD_RUNPATH_SEARCH_PATHS = (
					"$(inherited)",
					"@executable_path/Frameworks",
				);
				MARKETING_VERSION = 1.0;
				PRODUCT_BUNDLE_IDENTIFIER = com.uros.AirQuality;
				PRODUCT_NAME = "$(TARGET_NAME)";
				SWIFT_EMIT_LOC_STRINGS = YES;
				SWIFT_VERSION = 5.0;
				TARGETED_DEVICE_FAMILY = "1,2";
			};
			name = Release;
		};
		07BA304D28F1A16B00BA7D59 /* Debug */ = {
			isa = XCBuildConfiguration;
			buildSettings = {
				ALWAYS_EMBED_SWIFT_STANDARD_LIBRARIES = YES;
				BUNDLE_LOADER = "$(TEST_HOST)";
				CODE_SIGN_STYLE = Automatic;
				CURRENT_PROJECT_VERSION = 1;
				GENERATE_INFOPLIST_FILE = YES;
				IPHONEOS_DEPLOYMENT_TARGET = 16.0;
				MARKETING_VERSION = 1.0;
				PRODUCT_BUNDLE_IDENTIFIER = com.uros.AirQualityTests;
				PRODUCT_NAME = "$(TARGET_NAME)";
				SWIFT_EMIT_LOC_STRINGS = NO;
				SWIFT_VERSION = 5.0;
				TARGETED_DEVICE_FAMILY = "1,2";
				TEST_HOST = "$(BUILT_PRODUCTS_DIR)/AirQuality.app/$(BUNDLE_EXECUTABLE_FOLDER_PATH)/AirQuality";
			};
			name = Debug;
		};
		07BA304E28F1A16B00BA7D59 /* Release */ = {
			isa = XCBuildConfiguration;
			buildSettings = {
				ALWAYS_EMBED_SWIFT_STANDARD_LIBRARIES = YES;
				BUNDLE_LOADER = "$(TEST_HOST)";
				CODE_SIGN_STYLE = Automatic;
				CURRENT_PROJECT_VERSION = 1;
				GENERATE_INFOPLIST_FILE = YES;
				IPHONEOS_DEPLOYMENT_TARGET = 16.0;
				MARKETING_VERSION = 1.0;
				PRODUCT_BUNDLE_IDENTIFIER = com.uros.AirQualityTests;
				PRODUCT_NAME = "$(TARGET_NAME)";
				SWIFT_EMIT_LOC_STRINGS = NO;
				SWIFT_VERSION = 5.0;
				TARGETED_DEVICE_FAMILY = "1,2";
				TEST_HOST = "$(BUILT_PRODUCTS_DIR)/AirQuality.app/$(BUNDLE_EXECUTABLE_FOLDER_PATH)/AirQuality";
			};
			name = Release;
		};
		07BA305028F1A16B00BA7D59 /* Debug */ = {
			isa = XCBuildConfiguration;
			buildSettings = {
				ALWAYS_EMBED_SWIFT_STANDARD_LIBRARIES = YES;
				CODE_SIGN_STYLE = Automatic;
				CURRENT_PROJECT_VERSION = 1;
				GENERATE_INFOPLIST_FILE = YES;
				MARKETING_VERSION = 1.0;
				PRODUCT_BUNDLE_IDENTIFIER = com.uros.AirQualityUITests;
				PRODUCT_NAME = "$(TARGET_NAME)";
				SWIFT_EMIT_LOC_STRINGS = NO;
				SWIFT_VERSION = 5.0;
				TARGETED_DEVICE_FAMILY = "1,2";
				TEST_TARGET_NAME = AirQuality;
			};
			name = Debug;
		};
		07BA305128F1A16B00BA7D59 /* Release */ = {
			isa = XCBuildConfiguration;
			buildSettings = {
				ALWAYS_EMBED_SWIFT_STANDARD_LIBRARIES = YES;
				CODE_SIGN_STYLE = Automatic;
				CURRENT_PROJECT_VERSION = 1;
				GENERATE_INFOPLIST_FILE = YES;
				MARKETING_VERSION = 1.0;
				PRODUCT_BUNDLE_IDENTIFIER = com.uros.AirQualityUITests;
				PRODUCT_NAME = "$(TARGET_NAME)";
				SWIFT_EMIT_LOC_STRINGS = NO;
				SWIFT_VERSION = 5.0;
				TARGETED_DEVICE_FAMILY = "1,2";
				TEST_TARGET_NAME = AirQuality;
			};
			name = Release;
		};
/* End XCBuildConfiguration section */

/* Begin XCConfigurationList section */
		07BA302028F1A16900BA7D59 /* Build configuration list for PBXProject "AirQuality" */ = {
			isa = XCConfigurationList;
			buildConfigurations = (
				07BA304728F1A16B00BA7D59 /* Debug */,
				07BA304828F1A16B00BA7D59 /* Release */,
			);
			defaultConfigurationIsVisible = 0;
			defaultConfigurationName = Release;
		};
		07BA304928F1A16B00BA7D59 /* Build configuration list for PBXNativeTarget "AirQuality" */ = {
			isa = XCConfigurationList;
			buildConfigurations = (
				07BA304A28F1A16B00BA7D59 /* Debug */,
				07BA304B28F1A16B00BA7D59 /* Release */,
			);
			defaultConfigurationIsVisible = 0;
			defaultConfigurationName = Release;
		};
		07BA304C28F1A16B00BA7D59 /* Build configuration list for PBXNativeTarget "AirQualityTests" */ = {
			isa = XCConfigurationList;
			buildConfigurations = (
				07BA304D28F1A16B00BA7D59 /* Debug */,
				07BA304E28F1A16B00BA7D59 /* Release */,
			);
			defaultConfigurationIsVisible = 0;
			defaultConfigurationName = Release;
		};
		07BA304F28F1A16B00BA7D59 /* Build configuration list for PBXNativeTarget "AirQualityUITests" */ = {
			isa = XCConfigurationList;
			buildConfigurations = (
				07BA305028F1A16B00BA7D59 /* Debug */,
				07BA305128F1A16B00BA7D59 /* Release */,
			);
			defaultConfigurationIsVisible = 0;
			defaultConfigurationName = Release;
		};
/* End XCConfigurationList section */
	};
	rootObject = 07BA301D28F1A16900BA7D59 /* Project object */;
}
